
Microsoft Visual Studio Solution File, Format Version 12.00
# Visual Studio Version 17
VisualStudioVersion = 17.12.35707.178 d17.12
MinimumVisualStudioVersion = 10.0.40219.1
Project("{F184B08F-C81C-45F6-A57F-5ABD9991F28F}") = "Example of Program Demonstrating CTS", "Example of Program Demonstrating CTS\Example of Program Demonstrating CTS.vbproj", "{23AD3019-95FA-4561-ADB7-64C13893C7DB}"
EndProject
Global
	GlobalSection(SolutionConfigurationPlatforms) = preSolution
		Debug|Any CPU = Debug|Any CPU
		Release|Any CPU = Release|Any CPU
	EndGlobalSection
	GlobalSection(ProjectConfigurationPlatforms) = postSolution
		{23AD3019-95FA-4561-ADB7-64C13893C7DB}.Debug|Any CPU.ActiveCfg = Debug|Any CPU
		{23AD3019-95FA-4561-ADB7-64C13893C7DB}.Debug|Any CPU.Build.0 = Debug|Any CPU
		{23AD3019-95FA-4561-ADB7-64C13893C7DB}.Release|Any CPU.ActiveCfg = Release|Any CPU
		{23AD3019-95FA-4561-ADB7-64C13893C7DB}.Release|Any CPU.Build.0 = Release|Any CPU
	EndGlobalSection
	GlobalSection(SolutionProperties) = preSolution
		HideSolutionNode = FALSE
	EndGlobalSection
EndGlobal
