
Microsoft Visual Studio Solution File, Format Version 12.00
# Visual Studio Version 17
VisualStudioVersion = 17.12.35707.178 d17.12
MinimumVisualStudioVersion = 10.0.40219.1
Project("{F184B08F-C81C-45F6-A57F-5ABD9991F28F}") = "03_Greater_Number_Between_Three", "03_Greater_Number_Between_Three\03_Greater_Number_Between_Three.vbproj", "{9E5C77BC-4A20-4799-979D-5286AB8B957E}"
EndProject
Global
	GlobalSection(SolutionConfigurationPlatforms) = preSolution
		Debug|Any CPU = Debug|Any CPU
		Release|Any CPU = Release|Any CPU
	EndGlobalSection
	GlobalSection(ProjectConfigurationPlatforms) = postSolution
		{9E5C77BC-4A20-4799-979D-5286AB8B957E}.Debug|Any CPU.ActiveCfg = Debug|Any CPU
		{9E5C77BC-4A20-4799-979D-5286AB8B957E}.Debug|Any CPU.Build.0 = Debug|Any CPU
		{9E5C77BC-4A20-4799-979D-5286AB8B957E}.Release|Any CPU.ActiveCfg = Release|Any CPU
		{9E5C77BC-4A20-4799-979D-5286AB8B957E}.Release|Any CPU.Build.0 = Release|Any CPU
	EndGlobalSection
	GlobalSection(SolutionProperties) = preSolution
		HideSolutionNode = FALSE
	EndGlobalSection
EndGlobal
